
Microsoft Visual Studio Solution File, Format Version 12.00
# Visual Studio Version 17
VisualStudioVersion = 17.3.32929.385
MinimumVisualStudioVersion = 10.0.40219.1
Project("{9A19103F-16F7-4668-BE54-9A1E7A4F7556}") = "Hotel", "Hotel\Hotel.csproj", "{472CE598-591F-4DEE-B13F-F8988744CD3D}"
EndProject
Global
	GlobalSection(SolutionConfigurationPlatforms) = preSolution
		Debug|Any CPU = Debug|Any CPU
		Release|Any CPU = Release|Any CPU
	EndGlobalSection
	GlobalSection(ProjectConfigurationPlatforms) = postSolution
		{472CE598-591F-4DEE-B13F-F8988744CD3D}.Debug|Any CPU.ActiveCfg = Debug|Any CPU
		{472CE598-591F-4DEE-B13F-F8988744CD3D}.Debug|Any CPU.Build.0 = Debug|Any CPU
		{472CE598-591F-4DEE-B13F-F8988744CD3D}.Release|Any CPU.ActiveCfg = Release|Any CPU
		{472CE598-591F-4DEE-B13F-F8988744CD3D}.Release|Any CPU.Build.0 = Release|Any CPU
	EndGlobalSection
	GlobalSection(SolutionProperties) = preSolution
		HideSolutionNode = FALSE
	EndGlobalSection
	GlobalSection(ExtensibilityGlobals) = postSolution
		SolutionGuid = {DDA002F1-F69C-4326-A2A3-2E77C4F22549}
	EndGlobalSection
EndGlobal
